
Microsoft Visual Studio Solution File, Format Version 12.00
# Visual Studio Version 16
VisualStudioVersion = 16.0.31624.102
MinimumVisualStudioVersion = 10.0.40219.1
Project("{8BC9CEB8-8B4A-11D0-8D11-00A0C91BC942}") = "dz_if_and_case", "dz_if_and_case\dz_if_and_case.vcxproj", "{B8F021CB-E596-4FF4-8592-EA0E78CC91FD}"
EndProject
Global
	GlobalSection(SolutionConfigurationPlatforms) = preSolution
		Debug|x64 = Debug|x64
		Debug|x86 = Debug|x86
		Release|x64 = Release|x64
		Release|x86 = Release|x86
	EndGlobalSection
	GlobalSection(ProjectConfigurationPlatforms) = postSolution
		{B8F021CB-E596-4FF4-8592-EA0E78CC91FD}.Debug|x64.ActiveCfg = Debug|x64
		{B8F021CB-E596-4FF4-8592-EA0E78CC91FD}.Debug|x64.Build.0 = Debug|x64
		{B8F021CB-E596-4FF4-8592-EA0E78CC91FD}.Debug|x86.ActiveCfg = Debug|Win32
		{B8F021CB-E596-4FF4-8592-EA0E78CC91FD}.Debug|x86.Build.0 = Debug|Win32
		{B8F021CB-E596-4FF4-8592-EA0E78CC91FD}.Release|x64.ActiveCfg = Release|x64
		{B8F021CB-E596-4FF4-8592-EA0E78CC91FD}.Release|x64.Build.0 = Release|x64
		{B8F021CB-E596-4FF4-8592-EA0E78CC91FD}.Release|x86.ActiveCfg = Release|Win32
		{B8F021CB-E596-4FF4-8592-EA0E78CC91FD}.Release|x86.Build.0 = Release|Win32
	EndGlobalSection
	GlobalSection(SolutionProperties) = preSolution
		HideSolutionNode = FALSE
	EndGlobalSection
	GlobalSection(ExtensibilityGlobals) = postSolution
		SolutionGuid = {6DBC6B0E-1476-40A1-8B3A-0CD669F74B52}
	EndGlobalSection
EndGlobal
